PODS:
  - SVWebViewController (1.0)

DEPENDENCIES:
  - SVWebViewController (from `https://github.com/TransitApp/SVWebViewController`, commit `5be38e427d`)

EXTERNAL SOURCES:
  SVWebViewController:
    :commit: 5be38e427d
    :git: https://github.com/TransitApp/SVWebViewController

SPEC CHECKSUMS:
  SVWebViewController: e23a0cf92c2185d584787f0422b14592dd160fca

COCOAPODS: 0.34.4
