PODS:
  - AFNetworking (2.4.1):
    - AFNetworking/NSURLConnection
    - AFNetworking/NSURLSession
    - AFNetworking/Reachability
    - AFNetworking/Security
    - AFNetworking/Serialization
    - AFNetworking/UIKit
  - AFNetworking/NSURLConnection (2.4.1):
    - AFNetworking/Reachability
    - AFNetworking/Security
    - AFNetworking/Serialization
  - AFNetworking/NSURLSession (2.4.1):
    - AFNetworking/Reachability
    - AFNetworking/Security
    - AFNetworking/Serialization
  - AFNetworking/Reachability (2.4.1)
  - AFNetworking/Security (2.4.1)
  - AFNetworking/Serialization (2.4.1)
  - AFNetworking/UIKit (2.4.1):
    - AFNetworking/NSURLConnection
    - AFNetworking/NSURLSession
  - SVWebViewController (1.0)

DEPENDENCIES:
  - AFNetworking (~> 2.4)
  - SVWebViewController (from `https://github.com/TransitApp/SVWebViewController`, commit `5be38e427d`)

EXTERNAL SOURCES:
  SVWebViewController:
    :commit: 5be38e427d
    :git: https://github.com/TransitApp/SVWebViewController

SPEC CHECKSUMS:
  AFNetworking: 0aabc6fae66d6e5d039eeb21c315843c7aae51ab
  SVWebViewController: e23a0cf92c2185d584787f0422b14592dd160fca

COCOAPODS: 0.34.1
